
Microsoft Visual Studio Solution File, Format Version 12.00
# Visual Studio 15
Project("{FAE04EC0-301F-11D3-BF4B-00C04F79EFBC}") = "UnityEngine.TestRunner", "UnityEngine.TestRunner.csproj", "{B4472E4E-4C71-D22B-2853-6B3D4E347E8F}"
EndProject
Project("{FAE04EC0-301F-11D3-BF4B-00C04F79EFBC}") = "Unity.Mathematics", "Unity.Mathematics.csproj", "{65D0C407-F649-24B4-D8ED-4031916FAC00}"
EndProject
Project("{FAE04EC0-301F-11D3-BF4B-00C04F79EFBC}") = "Unity.2D.Animation.Triangle.Runtime", "Unity.2D.Animation.Triangle.Runtime.csproj", "{AFA24584-1294-E368-12E3-ED645607AB1F}"
EndProject
Project("{FAE04EC0-301F-11D3-BF4B-00C04F79EFBC}") = "Unity.Timeline", "Unity.Timeline.csproj", "{B2FEE680-6270-FFC6-93CB-1E1CE6125080}"
EndProject
Project("{FAE04EC0-301F-11D3-BF4B-00C04F79EFBC}") = "Unity.TextMeshPro", "Unity.TextMeshPro.csproj", "{637347AB-D903-31AE-AECF-CF9409E03A17}"
EndProject
Project("{FAE04EC0-301F-11D3-BF4B-00C04F79EFBC}") = "Unity.2D.Animation.Runtime", "Unity.2D.Animation.Runtime.csproj", "{C41531D8-19B7-0952-60E6-2CE2E6EFE17A}"
EndProject
Project("{FAE04EC0-301F-11D3-BF4B-00C04F79EFBC}") = "Unity.2D.IK.Runtime", "Unity.2D.IK.Runtime.csproj", "{15DE98AB-3AB9-C4FC-BA27-4EBB41F9B860}"
EndProject
Project("{FAE04EC0-301F-11D3-BF4B-00C04F79EFBC}") = "Unity.2D.SpriteShape.Runtime", "Unity.2D.SpriteShape.Runtime.csproj", "{A4C88976-A53E-1D46-44A6-1D7996EDF189}"
EndProject
Project("{FAE04EC0-301F-11D3-BF4B-00C04F79EFBC}") = "Assembly-CSharp", "Assembly-CSharp.csproj", "{5522670F-E00F-F0F3-8E0C-05292A47C299}"
EndProject
Project("{FAE04EC0-301F-11D3-BF4B-00C04F79EFBC}") = "Unity.2D.PixelPerfect", "Unity.2D.PixelPerfect.csproj", "{047D6889-B1D5-678A-19AB-5958C9EC2B87}"
EndProject
Project("{FAE04EC0-301F-11D3-BF4B-00C04F79EFBC}") = "Unity.2D.Common.Runtime", "Unity.2D.Common.Runtime.csproj", "{54FAE64C-AA48-DF27-F04C-6AD83CD3D3FD}"
EndProject
Project("{FAE04EC0-301F-11D3-BF4B-00C04F79EFBC}") = "Unity.InternalAPIEngineBridge.001", "Unity.InternalAPIEngineBridge.001.csproj", "{A501A925-3168-93C4-1BD5-4E7873698944}"
EndProject
Project("{FAE04EC0-301F-11D3-BF4B-00C04F79EFBC}") = "UnityEditor.TestRunner", "UnityEditor.TestRunner.csproj", "{52ACFC97-B305-B702-C527-83A863076186}"
EndProject
Project("{FAE04EC0-301F-11D3-BF4B-00C04F79EFBC}") = "Unity.PlasticSCM.Editor", "Unity.PlasticSCM.Editor.csproj", "{EAFFAE3E-ED6A-A896-ABED-604F131680C0}"
EndProject
Project("{FAE04EC0-301F-11D3-BF4B-00C04F79EFBC}") = "Unity.Services.Core.Editor", "Unity.Services.Core.Editor.csproj", "{5ACB4324-18D0-1D51-4AD6-F707A2B11562}"
EndProject
Project("{FAE04EC0-301F-11D3-BF4B-00C04F79EFBC}") = "Unity.Timeline.Editor", "Unity.Timeline.Editor.csproj", "{A5B18C54-BC8C-0828-A33C-85FFD05639B0}"
EndProject
Project("{FAE04EC0-301F-11D3-BF4B-00C04F79EFBC}") = "Unity.VisualStudio.Editor", "Unity.VisualStudio.Editor.csproj", "{16365166-AF29-05E3-AFF6-94948439D841}"
EndProject
Project("{FAE04EC0-301F-11D3-BF4B-00C04F79EFBC}") = "Unity.2D.Psdimporter.Editor", "Unity.2D.Psdimporter.Editor.csproj", "{08C83595-DC66-0275-4474-B87B11BCBDC1}"
EndProject
Project("{FAE04EC0-301F-11D3-BF4B-00C04F79EFBC}") = "Unity.2D.Animation.Editor", "Unity.2D.Animation.Editor.csproj", "{D7271C6F-CFDE-E12E-C4F2-675943D78EFF}"
EndProject
Project("{FAE04EC0-301F-11D3-BF4B-00C04F79EFBC}") = "Unity.TextMeshPro.Editor", "Unity.TextMeshPro.Editor.csproj", "{4F7B9DDD-E563-3199-E5D3-25D211E575D2}"
EndProject
Project("{FAE04EC0-301F-11D3-BF4B-00C04F79EFBC}") = "Unity.2D.SpriteShape.Editor", "Unity.2D.SpriteShape.Editor.csproj", "{D559D6B5-27AF-182E-6F83-203EF80BD7E7}"
EndProject
Project("{FAE04EC0-301F-11D3-BF4B-00C04F79EFBC}") = "Unity.CollabProxy.Editor", "Unity.CollabProxy.Editor.csproj", "{C2BE885C-1E4C-7245-A3B6-860E88D974A0}"
EndProject
Project("{FAE04EC0-301F-11D3-BF4B-00C04F79EFBC}") = "PsdPlugin", "PsdPlugin.csproj", "{7BE7F400-A518-1EDD-5067-693070DBDB26}"
EndProject
Project("{FAE04EC0-301F-11D3-BF4B-00C04F79EFBC}") = "Unity.2D.Path.Editor", "Unity.2D.Path.Editor.csproj", "{43387493-09D1-AAA8-4C79-6DCA4DEBF1A1}"
EndProject
Project("{FAE04EC0-301F-11D3-BF4B-00C04F79EFBC}") = "Unity.Rider.Editor", "Unity.Rider.Editor.csproj", "{47262E6B-37D8-4D5D-37D9-678D810BBE0C}"
EndProject
Project("{FAE04EC0-301F-11D3-BF4B-00C04F79EFBC}") = "Unity.2D.IK.Editor", "Unity.2D.IK.Editor.csproj", "{050BF894-36E2-842F-3768-86754993D971}"
EndProject
Project("{FAE04EC0-301F-11D3-BF4B-00C04F79EFBC}") = "Unity.SysrootPackage.Editor", "Unity.SysrootPackage.Editor.csproj", "{3CABB885-1A4F-99D6-94BA-81EFBDAA4E22}"
EndProject
Project("{FAE04EC0-301F-11D3-BF4B-00C04F79EFBC}") = "Unity.2D.PixelPerfect.Editor", "Unity.2D.PixelPerfect.Editor.csproj", "{FE7B97BD-DC27-DFE5-60C5-4365EF409E06}"
EndProject
Project("{FAE04EC0-301F-11D3-BF4B-00C04F79EFBC}") = "Unity.VSCode.Editor", "Unity.VSCode.Editor.csproj", "{E210FC5C-13B9-526C-10E0-1819E28E0D74}"
EndProject
Project("{FAE04EC0-301F-11D3-BF4B-00C04F79EFBC}") = "Unity.Toolchain.Win-x86_64-Linux-x86_64", "Unity.Toolchain.Win-x86_64-Linux-x86_64.csproj", "{7B392DAC-219F-D4B3-3F12-D9CE6FA1B0A6}"
EndProject
Project("{FAE04EC0-301F-11D3-BF4B-00C04F79EFBC}") = "Unity.2D.Common.Editor", "Unity.2D.Common.Editor.csproj", "{1B208C74-9760-819B-952C-091DE85E3489}"
EndProject
Project("{FAE04EC0-301F-11D3-BF4B-00C04F79EFBC}") = "Unity.Mathematics.Editor", "Unity.Mathematics.Editor.csproj", "{F2953F77-6ACB-837E-E8C0-3B2AC67F62F0}"
EndProject
Project("{FAE04EC0-301F-11D3-BF4B-00C04F79EFBC}") = "Unity.InternalAPIEditorBridge.001", "Unity.InternalAPIEditorBridge.001.csproj", "{16EBF6EE-3AA4-2157-246E-6FEEA1F8F057}"
EndProject
Project("{FAE04EC0-301F-11D3-BF4B-00C04F79EFBC}") = "Unity.Sysroot.Linux_x86_64", "Unity.Sysroot.Linux_x86_64.csproj", "{1238D22E-D520-D86D-252B-E2C863C92A63}"
EndProject
Global
	GlobalSection(SolutionConfigurationPlatforms) = preSolution
		Debug|Any CPU = Debug|Any CPU
		Release|Any CPU = Release|Any CPU
	EndGlobalSection
	GlobalSection(ProjectConfigurationPlatforms) = postSolution
		{B4472E4E-4C71-D22B-2853-6B3D4E347E8F}.Debug|Any CPU.ActiveCfg = Debug|Any CPU
		{B4472E4E-4C71-D22B-2853-6B3D4E347E8F}.Debug|Any CPU.Build.0 = Debug|Any CPU
		{B4472E4E-4C71-D22B-2853-6B3D4E347E8F}.Release|Any CPU.ActiveCfg = Release|Any CPU
		{B4472E4E-4C71-D22B-2853-6B3D4E347E8F}.Release|Any CPU.Build.0 = Release|Any CPU
		{65D0C407-F649-24B4-D8ED-4031916FAC00}.Debug|Any CPU.ActiveCfg = Debug|Any CPU
		{65D0C407-F649-24B4-D8ED-4031916FAC00}.Debug|Any CPU.Build.0 = Debug|Any CPU
		{65D0C407-F649-24B4-D8ED-4031916FAC00}.Release|Any CPU.ActiveCfg = Release|Any CPU
		{65D0C407-F649-24B4-D8ED-4031916FAC00}.Release|Any CPU.Build.0 = Release|Any CPU
		{AFA24584-1294-E368-12E3-ED645607AB1F}.Debug|Any CPU.ActiveCfg = Debug|Any CPU
		{AFA24584-1294-E368-12E3-ED645607AB1F}.Debug|Any CPU.Build.0 = Debug|Any CPU
		{AFA24584-1294-E368-12E3-ED645607AB1F}.Release|Any CPU.ActiveCfg = Release|Any CPU
		{AFA24584-1294-E368-12E3-ED645607AB1F}.Release|Any CPU.Build.0 = Release|Any CPU
		{B2FEE680-6270-FFC6-93CB-1E1CE6125080}.Debug|Any CPU.ActiveCfg = Debug|Any CPU
		{B2FEE680-6270-FFC6-93CB-1E1CE6125080}.Debug|Any CPU.Build.0 = Debug|Any CPU
		{B2FEE680-6270-FFC6-93CB-1E1CE6125080}.Release|Any CPU.ActiveCfg = Release|Any CPU
		{B2FEE680-6270-FFC6-93CB-1E1CE6125080}.Release|Any CPU.Build.0 = Release|Any CPU
		{637347AB-D903-31AE-AECF-CF9409E03A17}.Debug|Any CPU.ActiveCfg = Debug|Any CPU
		{637347AB-D903-31AE-AECF-CF9409E03A17}.Debug|Any CPU.Build.0 = Debug|Any CPU
		{637347AB-D903-31AE-AECF-CF9409E03A17}.Release|Any CPU.ActiveCfg = Release|Any CPU
		{637347AB-D903-31AE-AECF-CF9409E03A17}.Release|Any CPU.Build.0 = Release|Any CPU
		{C41531D8-19B7-0952-60E6-2CE2E6EFE17A}.Debug|Any CPU.ActiveCfg = Debug|Any CPU
		{C41531D8-19B7-0952-60E6-2CE2E6EFE17A}.Debug|Any CPU.Build.0 = Debug|Any CPU
		{C41531D8-19B7-0952-60E6-2CE2E6EFE17A}.Release|Any CPU.ActiveCfg = Release|Any CPU
		{C41531D8-19B7-0952-60E6-2CE2E6EFE17A}.Release|Any CPU.Build.0 = Release|Any CPU
		{15DE98AB-3AB9-C4FC-BA27-4EBB41F9B860}.Debug|Any CPU.ActiveCfg = Debug|Any CPU
		{15DE98AB-3AB9-C4FC-BA27-4EBB41F9B860}.Debug|Any CPU.Build.0 = Debug|Any CPU
		{15DE98AB-3AB9-C4FC-BA27-4EBB41F9B860}.Release|Any CPU.ActiveCfg = Release|Any CPU
		{15DE98AB-3AB9-C4FC-BA27-4EBB41F9B860}.Release|Any CPU.Build.0 = Release|Any CPU
		{A4C88976-A53E-1D46-44A6-1D7996EDF189}.Debug|Any CPU.ActiveCfg = Debug|Any CPU
		{A4C88976-A53E-1D46-44A6-1D7996EDF189}.Debug|Any CPU.Build.0 = Debug|Any CPU
		{A4C88976-A53E-1D46-44A6-1D7996EDF189}.Release|Any CPU.ActiveCfg = Release|Any CPU
		{A4C88976-A53E-1D46-44A6-1D7996EDF189}.Release|Any CPU.Build.0 = Release|Any CPU
		{5522670F-E00F-F0F3-8E0C-05292A47C299}.Debug|Any CPU.ActiveCfg = Debug|Any CPU
		{5522670F-E00F-F0F3-8E0C-05292A47C299}.Debug|Any CPU.Build.0 = Debug|Any CPU
		{5522670F-E00F-F0F3-8E0C-05292A47C299}.Release|Any CPU.ActiveCfg = Release|Any CPU
		{5522670F-E00F-F0F3-8E0C-05292A47C299}.Release|Any CPU.Build.0 = Release|Any CPU
		{047D6889-B1D5-678A-19AB-5958C9EC2B87}.Debug|Any CPU.ActiveCfg = Debug|Any CPU
		{047D6889-B1D5-678A-19AB-5958C9EC2B87}.Debug|Any CPU.Build.0 = Debug|Any CPU
		{047D6889-B1D5-678A-19AB-5958C9EC2B87}.Release|Any CPU.ActiveCfg = Release|Any CPU
		{047D6889-B1D5-678A-19AB-5958C9EC2B87}.Release|Any CPU.Build.0 = Release|Any CPU
		{54FAE64C-AA48-DF27-F04C-6AD83CD3D3FD}.Debug|Any CPU.ActiveCfg = Debug|Any CPU
		{54FAE64C-AA48-DF27-F04C-6AD83CD3D3FD}.Debug|Any CPU.Build.0 = Debug|Any CPU
		{54FAE64C-AA48-DF27-F04C-6AD83CD3D3FD}.Release|Any CPU.ActiveCfg = Release|Any CPU
		{54FAE64C-AA48-DF27-F04C-6AD83CD3D3FD}.Release|Any CPU.Build.0 = Release|Any CPU
		{A501A925-3168-93C4-1BD5-4E7873698944}.Debug|Any CPU.ActiveCfg = Debug|Any CPU
		{A501A925-3168-93C4-1BD5-4E7873698944}.Debug|Any CPU.Build.0 = Debug|Any CPU
		{A501A925-3168-93C4-1BD5-4E7873698944}.Release|Any CPU.ActiveCfg = Release|Any CPU
		{A501A925-3168-93C4-1BD5-4E7873698944}.Release|Any CPU.Build.0 = Release|Any CPU
		{52ACFC97-B305-B702-C527-83A863076186}.Debug|Any CPU.ActiveCfg = Debug|Any CPU
		{52ACFC97-B305-B702-C527-83A863076186}.Debug|Any CPU.Build.0 = Debug|Any CPU
		{52ACFC97-B305-B702-C527-83A863076186}.Release|Any CPU.ActiveCfg = Release|Any CPU
		{52ACFC97-B305-B702-C527-83A863076186}.Release|Any CPU.Build.0 = Release|Any CPU
		{EAFFAE3E-ED6A-A896-ABED-604F131680C0}.Debug|Any CPU.ActiveCfg = Debug|Any CPU
		{EAFFAE3E-ED6A-A896-ABED-604F131680C0}.Debug|Any CPU.Build.0 = Debug|Any CPU
		{EAFFAE3E-ED6A-A896-ABED-604F131680C0}.Release|Any CPU.ActiveCfg = Release|Any CPU
		{EAFFAE3E-ED6A-A896-ABED-604F131680C0}.Release|Any CPU.Build.0 = Release|Any CPU
		{5ACB4324-18D0-1D51-4AD6-F707A2B11562}.Debug|Any CPU.ActiveCfg = Debug|Any CPU
		{5ACB4324-18D0-1D51-4AD6-F707A2B11562}.Debug|Any CPU.Build.0 = Debug|Any CPU
		{5ACB4324-18D0-1D51-4AD6-F707A2B11562}.Release|Any CPU.ActiveCfg = Release|Any CPU
		{5ACB4324-18D0-1D51-4AD6-F707A2B11562}.Release|Any CPU.Build.0 = Release|Any CPU
		{A5B18C54-BC8C-0828-A33C-85FFD05639B0}.Debug|Any CPU.ActiveCfg = Debug|Any CPU
		{A5B18C54-BC8C-0828-A33C-85FFD05639B0}.Debug|Any CPU.Build.0 = Debug|Any CPU
		{A5B18C54-BC8C-0828-A33C-85FFD05639B0}.Release|Any CPU.ActiveCfg = Release|Any CPU
		{A5B18C54-BC8C-0828-A33C-85FFD05639B0}.Release|Any CPU.Build.0 = Release|Any CPU
		{16365166-AF29-05E3-AFF6-94948439D841}.Debug|Any CPU.ActiveCfg = Debug|Any CPU
		{16365166-AF29-05E3-AFF6-94948439D841}.Debug|Any CPU.Build.0 = Debug|Any CPU
		{16365166-AF29-05E3-AFF6-94948439D841}.Release|Any CPU.ActiveCfg = Release|Any CPU
		{16365166-AF29-05E3-AFF6-94948439D841}.Release|Any CPU.Build.0 = Release|Any CPU
		{08C83595-DC66-0275-4474-B87B11BCBDC1}.Debug|Any CPU.ActiveCfg = Debug|Any CPU
		{08C83595-DC66-0275-4474-B87B11BCBDC1}.Debug|Any CPU.Build.0 = Debug|Any CPU
		{08C83595-DC66-0275-4474-B87B11BCBDC1}.Release|Any CPU.ActiveCfg = Release|Any CPU
		{08C83595-DC66-0275-4474-B87B11BCBDC1}.Release|Any CPU.Build.0 = Release|Any CPU
		{D7271C6F-CFDE-E12E-C4F2-675943D78EFF}.Debug|Any CPU.ActiveCfg = Debug|Any CPU
		{D7271C6F-CFDE-E12E-C4F2-675943D78EFF}.Debug|Any CPU.Build.0 = Debug|Any CPU
		{D7271C6F-CFDE-E12E-C4F2-675943D78EFF}.Release|Any CPU.ActiveCfg = Release|Any CPU
		{D7271C6F-CFDE-E12E-C4F2-675943D78EFF}.Release|Any CPU.Build.0 = Release|Any CPU
		{4F7B9DDD-E563-3199-E5D3-25D211E575D2}.Debug|Any CPU.ActiveCfg = Debug|Any CPU
		{4F7B9DDD-E563-3199-E5D3-25D211E575D2}.Debug|Any CPU.Build.0 = Debug|Any CPU
		{4F7B9DDD-E563-3199-E5D3-25D211E575D2}.Release|Any CPU.ActiveCfg = Release|Any CPU
		{4F7B9DDD-E563-3199-E5D3-25D211E575D2}.Release|Any CPU.Build.0 = Release|Any CPU
		{D559D6B5-27AF-182E-6F83-203EF80BD7E7}.Debug|Any CPU.ActiveCfg = Debug|Any CPU
		{D559D6B5-27AF-182E-6F83-203EF80BD7E7}.Debug|Any CPU.Build.0 = Debug|Any CPU
		{D559D6B5-27AF-182E-6F83-203EF80BD7E7}.Release|Any CPU.ActiveCfg = Release|Any CPU
		{D559D6B5-27AF-182E-6F83-203EF80BD7E7}.Release|Any CPU.Build.0 = Release|Any CPU
		{C2BE885C-1E4C-7245-A3B6-860E88D974A0}.Debug|Any CPU.ActiveCfg = Debug|Any CPU
		{C2BE885C-1E4C-7245-A3B6-860E88D974A0}.Debug|Any CPU.Build.0 = Debug|Any CPU
		{C2BE885C-1E4C-7245-A3B6-860E88D974A0}.Release|Any CPU.ActiveCfg = Release|Any CPU
		{C2BE885C-1E4C-7245-A3B6-860E88D974A0}.Release|Any CPU.Build.0 = Release|Any CPU
		{7BE7F400-A518-1EDD-5067-693070DBDB26}.Debug|Any CPU.ActiveCfg = Debug|Any CPU
		{7BE7F400-A518-1EDD-5067-693070DBDB26}.Debug|Any CPU.Build.0 = Debug|Any CPU
		{7BE7F400-A518-1EDD-5067-693070DBDB26}.Release|Any CPU.ActiveCfg = Release|Any CPU
		{7BE7F400-A518-1EDD-5067-693070DBDB26}.Release|Any CPU.Build.0 = Release|Any CPU
		{43387493-09D1-AAA8-4C79-6DCA4DEBF1A1}.Debug|Any CPU.ActiveCfg = Debug|Any CPU
		{43387493-09D1-AAA8-4C79-6DCA4DEBF1A1}.Debug|Any CPU.Build.0 = Debug|Any CPU
		{43387493-09D1-AAA8-4C79-6DCA4DEBF1A1}.Release|Any CPU.ActiveCfg = Release|Any CPU
		{43387493-09D1-AAA8-4C79-6DCA4DEBF1A1}.Release|Any CPU.Build.0 = Release|Any CPU
		{47262E6B-37D8-4D5D-37D9-678D810BBE0C}.Debug|Any CPU.ActiveCfg = Debug|Any CPU
		{47262E6B-37D8-4D5D-37D9-678D810BBE0C}.Debug|Any CPU.Build.0 = Debug|Any CPU
		{47262E6B-37D8-4D5D-37D9-678D810BBE0C}.Release|Any CPU.ActiveCfg = Release|Any CPU
		{47262E6B-37D8-4D5D-37D9-678D810BBE0C}.Release|Any CPU.Build.0 = Release|Any CPU
		{050BF894-36E2-842F-3768-86754993D971}.Debug|Any CPU.ActiveCfg = Debug|Any CPU
		{050BF894-36E2-842F-3768-86754993D971}.Debug|Any CPU.Build.0 = Debug|Any CPU
		{050BF894-36E2-842F-3768-86754993D971}.Release|Any CPU.ActiveCfg = Release|Any CPU
		{050BF894-36E2-842F-3768-86754993D971}.Release|Any CPU.Build.0 = Release|Any CPU
		{3CABB885-1A4F-99D6-94BA-81EFBDAA4E22}.Debug|Any CPU.ActiveCfg = Debug|Any CPU
		{3CABB885-1A4F-99D6-94BA-81EFBDAA4E22}.Debug|Any CPU.Build.0 = Debug|Any CPU
		{3CABB885-1A4F-99D6-94BA-81EFBDAA4E22}.Release|Any CPU.ActiveCfg = Release|Any CPU
		{3CABB885-1A4F-99D6-94BA-81EFBDAA4E22}.Release|Any CPU.Build.0 = Release|Any CPU
		{FE7B97BD-DC27-DFE5-60C5-4365EF409E06}.Debug|Any CPU.ActiveCfg = Debug|Any CPU
		{FE7B97BD-DC27-DFE5-60C5-4365EF409E06}.Debug|Any CPU.Build.0 = Debug|Any CPU
		{FE7B97BD-DC27-DFE5-60C5-4365EF409E06}.Release|Any CPU.ActiveCfg = Release|Any CPU
		{FE7B97BD-DC27-DFE5-60C5-4365EF409E06}.Release|Any CPU.Build.0 = Release|Any CPU
		{E210FC5C-13B9-526C-10E0-1819E28E0D74}.Debug|Any CPU.ActiveCfg = Debug|Any CPU
		{E210FC5C-13B9-526C-10E0-1819E28E0D74}.Debug|Any CPU.Build.0 = Debug|Any CPU
		{E210FC5C-13B9-526C-10E0-1819E28E0D74}.Release|Any CPU.ActiveCfg = Release|Any CPU
		{E210FC5C-13B9-526C-10E0-1819E28E0D74}.Release|Any CPU.Build.0 = Release|Any CPU
		{7B392DAC-219F-D4B3-3F12-D9CE6FA1B0A6}.Debug|Any CPU.ActiveCfg = Debug|Any CPU
		{7B392DAC-219F-D4B3-3F12-D9CE6FA1B0A6}.Debug|Any CPU.Build.0 = Debug|Any CPU
		{7B392DAC-219F-D4B3-3F12-D9CE6FA1B0A6}.Release|Any CPU.ActiveCfg = Release|Any CPU
		{7B392DAC-219F-D4B3-3F12-D9CE6FA1B0A6}.Release|Any CPU.Build.0 = Release|Any CPU
		{1B208C74-9760-819B-952C-091DE85E3489}.Debug|Any CPU.ActiveCfg = Debug|Any CPU
		{1B208C74-9760-819B-952C-091DE85E3489}.Debug|Any CPU.Build.0 = Debug|Any CPU
		{1B208C74-9760-819B-952C-091DE85E3489}.Release|Any CPU.ActiveCfg = Release|Any CPU
		{1B208C74-9760-819B-952C-091DE85E3489}.Release|Any CPU.Build.0 = Release|Any CPU
		{F2953F77-6ACB-837E-E8C0-3B2AC67F62F0}.Debug|Any CPU.ActiveCfg = Debug|Any CPU
		{F2953F77-6ACB-837E-E8C0-3B2AC67F62F0}.Debug|Any CPU.Build.0 = Debug|Any CPU
		{F2953F77-6ACB-837E-E8C0-3B2AC67F62F0}.Release|Any CPU.ActiveCfg = Release|Any CPU
		{F2953F77-6ACB-837E-E8C0-3B2AC67F62F0}.Release|Any CPU.Build.0 = Release|Any CPU
		{16EBF6EE-3AA4-2157-246E-6FEEA1F8F057}.Debug|Any CPU.ActiveCfg = Debug|Any CPU
		{16EBF6EE-3AA4-2157-246E-6FEEA1F8F057}.Debug|Any CPU.Build.0 = Debug|Any CPU
		{16EBF6EE-3AA4-2157-246E-6FEEA1F8F057}.Release|Any CPU.ActiveCfg = Release|Any CPU
		{16EBF6EE-3AA4-2157-246E-6FEEA1F8F057}.Release|Any CPU.Build.0 = Release|Any CPU
		{1238D22E-D520-D86D-252B-E2C863C92A63}.Debug|Any CPU.ActiveCfg = Debug|Any CPU
		{1238D22E-D520-D86D-252B-E2C863C92A63}.Debug|Any CPU.Build.0 = Debug|Any CPU
		{1238D22E-D520-D86D-252B-E2C863C92A63}.Release|Any CPU.ActiveCfg = Release|Any CPU
		{1238D22E-D520-D86D-252B-E2C863C92A63}.Release|Any CPU.Build.0 = Release|Any CPU
	EndGlobalSection
	GlobalSection(SolutionProperties) = preSolution
		HideSolutionNode = FALSE
	EndGlobalSection
EndGlobal
